
Microsoft Visual Studio Solution File, Format Version 12.00
# Visual Studio 2013
VisualStudioVersion = 12.0.31101.0
MinimumVisualStudioVersion = 10.0.40219.1
Project("{FAE04EC0-301F-11D3-BF4B-00C04F79EFBC}") = "Signals", "SignalGenerator\Signals.csproj", "{51D6EA66-E460-4530-AE91-1573D9F63344}"
EndProject
Project("{FAE04EC0-301F-11D3-BF4B-00C04F79EFBC}") = "Knobs", "ClassLibrary1\Knobs.csproj", "{232DB502-1809-4D5D-B059-B69D965EAD38}"
EndProject
Project("{FAE04EC0-301F-11D3-BF4B-00C04F79EFBC}") = "WindowsFormsApplication1", "teste botoes\WindowsFormsApplication1\WindowsFormsApplication1.csproj", "{611BEDC4-40AC-4BB5-9414-BCE8D73397FD}"
	ProjectSection(ProjectDependencies) = postProject
		{51D6EA66-E460-4530-AE91-1573D9F63344} = {51D6EA66-E460-4530-AE91-1573D9F63344}
	EndProjectSection
EndProject
Project("{54435603-DBB4-11D2-8724-00A0C9A8B90C}") = "Oscilloscope Simulator", "Oscilloscope Simulator\Oscilloscope Simulator.vdproj", "{4E64DC25-0D15-4D93-8A35-EECDE8C1981B}"
EndProject
Global
	GlobalSection(SolutionConfigurationPlatforms) = preSolution
		Debug|Any CPU = Debug|Any CPU
		Debug|Mixed Platforms = Debug|Mixed Platforms
		Debug|x86 = Debug|x86
		Release|Any CPU = Release|Any CPU
		Release|Mixed Platforms = Release|Mixed Platforms
		Release|x86 = Release|x86
	EndGlobalSection
	GlobalSection(ProjectConfigurationPlatforms) = postSolution
		{51D6EA66-E460-4530-AE91-1573D9F63344}.Debug|Any CPU.ActiveCfg = Debug|Any CPU
		{51D6EA66-E460-4530-AE91-1573D9F63344}.Debug|Any CPU.Build.0 = Debug|Any CPU
		{51D6EA66-E460-4530-AE91-1573D9F63344}.Debug|Mixed Platforms.ActiveCfg = Debug|Any CPU
		{51D6EA66-E460-4530-AE91-1573D9F63344}.Debug|Mixed Platforms.Build.0 = Debug|Any CPU
		{51D6EA66-E460-4530-AE91-1573D9F63344}.Debug|x86.ActiveCfg = Debug|Any CPU
		{51D6EA66-E460-4530-AE91-1573D9F63344}.Release|Any CPU.ActiveCfg = Release|Any CPU
		{51D6EA66-E460-4530-AE91-1573D9F63344}.Release|Any CPU.Build.0 = Release|Any CPU
		{51D6EA66-E460-4530-AE91-1573D9F63344}.Release|Mixed Platforms.ActiveCfg = Release|Any CPU
		{51D6EA66-E460-4530-AE91-1573D9F63344}.Release|Mixed Platforms.Build.0 = Release|Any CPU
		{51D6EA66-E460-4530-AE91-1573D9F63344}.Release|x86.ActiveCfg = Release|Any CPU
		{232DB502-1809-4D5D-B059-B69D965EAD38}.Debug|Any CPU.ActiveCfg = Debug|Any CPU
		{232DB502-1809-4D5D-B059-B69D965EAD38}.Debug|Any CPU.Build.0 = Debug|Any CPU
		{232DB502-1809-4D5D-B059-B69D965EAD38}.Debug|Mixed Platforms.ActiveCfg = Debug|Any CPU
		{232DB502-1809-4D5D-B059-B69D965EAD38}.Debug|Mixed Platforms.Build.0 = Debug|Any CPU
		{232DB502-1809-4D5D-B059-B69D965EAD38}.Debug|x86.ActiveCfg = Debug|Any CPU
		{232DB502-1809-4D5D-B059-B69D965EAD38}.Release|Any CPU.ActiveCfg = Release|Any CPU
		{232DB502-1809-4D5D-B059-B69D965EAD38}.Release|Any CPU.Build.0 = Release|Any CPU
		{232DB502-1809-4D5D-B059-B69D965EAD38}.Release|Mixed Platforms.ActiveCfg = Release|Any CPU
		{232DB502-1809-4D5D-B059-B69D965EAD38}.Release|Mixed Platforms.Build.0 = Release|Any CPU
		{232DB502-1809-4D5D-B059-B69D965EAD38}.Release|x86.ActiveCfg = Release|Any CPU
		{611BEDC4-40AC-4BB5-9414-BCE8D73397FD}.Debug|Any CPU.ActiveCfg = Debug|x86
		{611BEDC4-40AC-4BB5-9414-BCE8D73397FD}.Debug|Mixed Platforms.ActiveCfg = Debug|x86
		{611BEDC4-40AC-4BB5-9414-BCE8D73397FD}.Debug|Mixed Platforms.Build.0 = Debug|x86
		{611BEDC4-40AC-4BB5-9414-BCE8D73397FD}.Debug|x86.ActiveCfg = Debug|x86
		{611BEDC4-40AC-4BB5-9414-BCE8D73397FD}.Debug|x86.Build.0 = Debug|x86
		{611BEDC4-40AC-4BB5-9414-BCE8D73397FD}.Release|Any CPU.ActiveCfg = Release|x86
		{611BEDC4-40AC-4BB5-9414-BCE8D73397FD}.Release|Mixed Platforms.ActiveCfg = Release|x86
		{611BEDC4-40AC-4BB5-9414-BCE8D73397FD}.Release|Mixed Platforms.Build.0 = Release|x86
		{611BEDC4-40AC-4BB5-9414-BCE8D73397FD}.Release|x86.ActiveCfg = Release|x86
		{611BEDC4-40AC-4BB5-9414-BCE8D73397FD}.Release|x86.Build.0 = Release|x86
		{4E64DC25-0D15-4D93-8A35-EECDE8C1981B}.Debug|Any CPU.ActiveCfg = Debug
		{4E64DC25-0D15-4D93-8A35-EECDE8C1981B}.Debug|Mixed Platforms.ActiveCfg = Debug
		{4E64DC25-0D15-4D93-8A35-EECDE8C1981B}.Debug|x86.ActiveCfg = Debug
		{4E64DC25-0D15-4D93-8A35-EECDE8C1981B}.Release|Any CPU.ActiveCfg = Release
		{4E64DC25-0D15-4D93-8A35-EECDE8C1981B}.Release|Mixed Platforms.ActiveCfg = Release
		{4E64DC25-0D15-4D93-8A35-EECDE8C1981B}.Release|x86.ActiveCfg = Release
	EndGlobalSection
	GlobalSection(SolutionProperties) = preSolution
		HideSolutionNode = FALSE
	EndGlobalSection
EndGlobal
